Microsoft Visual Studio Solution File, Format Version 12.00
# Visual Studio Version 17
VisualStudioVersion = 17.5.2.0
MinimumVisualStudioVersion = 10.0.40219.1
Project("{FAE04EC0-301F-11D3-BF4B-00C04F79EFBC}") = "Analyzer", "Analyzer\Analyzer.csproj", "{E88E9F2B-48B9-04F0-1EEF-3F2AFE64DC9B}"
EndProject
Project("{FAE04EC0-301F-11D3-BF4B-00C04F79EFBC}") = "Tools.App", "App\Tools.App.csproj", "{0175AD01-4A15-0A23-1E40-FC22EFA43E27}"
EndProject
Project("{FAE04EC0-301F-11D3-BF4B-00C04F79EFBC}") = "FileServer", "FileServer\FileServer.csproj", "{01CFD10E-8FB0-576D-9362-34E06AFFCBFF}"
EndProject
Global
	GlobalSection(SolutionConfigurationPlatforms) = preSolution
		Debug|Any CPU = Debug|Any CPU
		Release|Any CPU = Release|Any CPU
	EndGlobalSection
	GlobalSection(ProjectConfigurationPlatforms) = postSolution
		{E88E9F2B-48B9-04F0-1EEF-3F2AFE64DC9B}.Debug|Any CPU.ActiveCfg = Debug|Any CPU
		{E88E9F2B-48B9-04F0-1EEF-3F2AFE64DC9B}.Debug|Any CPU.Build.0 = Debug|Any CPU
		{E88E9F2B-48B9-04F0-1EEF-3F2AFE64DC9B}.Release|Any CPU.ActiveCfg = Release|Any CPU
		{E88E9F2B-48B9-04F0-1EEF-3F2AFE64DC9B}.Release|Any CPU.Build.0 = Release|Any CPU
		{0175AD01-4A15-0A23-1E40-FC22EFA43E27}.Debug|Any CPU.ActiveCfg = Debug|Any CPU
		{0175AD01-4A15-0A23-1E40-FC22EFA43E27}.Debug|Any CPU.Build.0 = Debug|Any CPU
		{0175AD01-4A15-0A23-1E40-FC22EFA43E27}.Release|Any CPU.ActiveCfg = Release|Any CPU
		{0175AD01-4A15-0A23-1E40-FC22EFA43E27}.Release|Any CPU.Build.0 = Release|Any CPU
		{01CFD10E-8FB0-576D-9362-34E06AFFCBFF}.Debug|Any CPU.ActiveCfg = Debug|Any CPU
		{01CFD10E-8FB0-576D-9362-34E06AFFCBFF}.Debug|Any CPU.Build.0 = Debug|Any CPU
		{01CFD10E-8FB0-576D-9362-34E06AFFCBFF}.Release|Any CPU.ActiveCfg = Release|Any CPU
		{01CFD10E-8FB0-576D-9362-34E06AFFCBFF}.Release|Any CPU.Build.0 = Release|Any CPU
	EndGlobalSection
	GlobalSection(SolutionProperties) = preSolution
		HideSolutionNode = FALSE
	EndGlobalSection
	GlobalSection(ExtensibilityGlobals) = postSolution
		SolutionGuid = {FB10B26C-3C96-4468-9E60-677D3FC72157}
	EndGlobalSection
EndGlobal
